{
    "hash": "e4deaee9829e16c22a7122fb3a7aa19c",
    "packages": [
        {
            "package": "doctrine/common",
            "version": "2.2.2"
        },
        {
            "package": "doctrine/dbal",
            "version": "2.2.x-dev",
            "source-reference": "8cc129aa64a8de6447056bce20f0a274fe2a340b"
        },
        {
            "package": "fp/lightopenid",
            "version": "dev-master",
            "source-reference": "ad14146f9c93e90699888e150427aca431dc3c18"
        },
        {
            "package": "knplabs/repository-service-provider",
            "version": "dev-master",
            "source-reference": "e55316bf936b5446ee1357eb294a5284a979bbb4"
        },
        {
            "package": "pimple/pimple",
            "version": "dev-master",
            "source-reference": "v1.0.0"
        },
        {
            "package": "pimple/pimple",
            "version": "dev-master",
            "alias-pretty-version": "1.0.x-dev",
            "alias-version": "1.0.9999999.9999999-dev"
        },
        {
            "package": "silex/silex",
            "version": "dev-master",
            "source-reference": "8b7796f94154e0cb51db3733e4262de50114c121"
        },
        {
            "package": "symfony/event-dispatcher",
            "version": "dev-master",
            "alias-pretty-version": "2.1.x-dev",
            "alias-version": "2.1.9999999.9999999-dev"
        },
        {
            "package": "symfony/event-dispatcher",
            "version": "dev-master",
            "source-reference": "30d3f5da80c2aeab15bcdb5a7d448d15bc294b23"
        },
        {
            "package": "symfony/finder",
            "version": "dev-master",
            "source-reference": "9ee9a907afeef52956187e862714a7702ca26590"
        },
        {
            "package": "symfony/finder",
            "version": "dev-master",
            "alias-pretty-version": "2.1.x-dev",
            "alias-version": "2.1.9999999.9999999-dev"
        },
        {
            "package": "symfony/form",
            "version": "dev-master",
            "alias-pretty-version": "2.1.x-dev",
            "alias-version": "2.1.9999999.9999999-dev"
        },
        {
            "package": "symfony/form",
            "version": "dev-master",
            "source-reference": "5ee84e98f9e07afeba6e8194dc9d2948bef19ad8"
        },
        {
            "package": "symfony/http-foundation",
            "version": "dev-master",
            "source-reference": "d9ef2afd0218415a8c04ea48a2c83bb5b8f0f51c"
        },
        {
            "package": "symfony/http-foundation",
            "version": "dev-master",
            "alias-pretty-version": "2.1.x-dev",
            "alias-version": "2.1.9999999.9999999-dev"
        },
        {
            "package": "symfony/http-kernel",
            "version": "dev-master",
            "alias-pretty-version": "2.1.x-dev",
            "alias-version": "2.1.9999999.9999999-dev"
        },
        {
            "package": "symfony/http-kernel",
            "version": "dev-master",
            "source-reference": "a9dbd268659d19eabcc8285ca4622b232f55aa91"
        },
        {
            "package": "symfony/locale",
            "version": "dev-master",
            "alias-pretty-version": "2.1.x-dev",
            "alias-version": "2.1.9999999.9999999-dev"
        },
        {
            "package": "symfony/locale",
            "version": "dev-master",
            "source-reference": "741210486db314ff288a44de2628da7ee31d383e"
        },
        {
            "package": "symfony/options-resolver",
            "version": "dev-master",
            "source-reference": "addf0f914af769838e2c4ada01ceb3e16d62bf83"
        },
        {
            "package": "symfony/options-resolver",
            "version": "dev-master",
            "alias-pretty-version": "2.1.x-dev",
            "alias-version": "2.1.9999999.9999999-dev"
        },
        {
            "package": "symfony/routing",
            "version": "dev-master",
            "alias-pretty-version": "2.1.x-dev",
            "alias-version": "2.1.9999999.9999999-dev"
        },
        {
            "package": "symfony/routing",
            "version": "dev-master",
            "source-reference": "1d5a64f26588d63e3a1235a6ade0d54ae4ab3381"
        },
        {
            "package": "symfony/translation",
            "version": "dev-master",
            "source-reference": "db3e85934353a130d743b2ddd53dd678c8ebca12"
        },
        {
            "package": "symfony/translation",
            "version": "dev-master",
            "alias-pretty-version": "2.1.x-dev",
            "alias-version": "2.1.9999999.9999999-dev"
        },
        {
            "package": "symfony/twig-bridge",
            "version": "dev-master",
            "source-reference": "416d3fa67b10e4076dbabc094f354ca14c9f9d26"
        },
        {
            "package": "symfony/twig-bridge",
            "version": "dev-master",
            "alias-pretty-version": "2.1.x-dev",
            "alias-version": "2.1.9999999.9999999-dev"
        },
        {
            "package": "symfony/validator",
            "version": "dev-master",
            "alias-pretty-version": "2.1.x-dev",
            "alias-version": "2.1.9999999.9999999-dev"
        },
        {
            "package": "symfony/validator",
            "version": "dev-master",
            "source-reference": "9c89324845ccc24214f7fd307b9dc646d41a0a6f"
        },
        {
            "package": "twig/twig",
            "version": "dev-master",
            "source-reference": "6d072640c44f1781049afd2d96060c72da80662a"
        },
        {
            "package": "twig/twig",
            "version": "dev-master",
            "alias-pretty-version": "1.8.x-dev",
            "alias-version": "1.8.9999999.9999999-dev"
        },
        {
            "package": "ubermuda/discount-service-provider",
            "version": "1.0"
        }
    ],
    "packages-dev": null,
    "aliases": [

    ],
    "minimum-stability": "dev",
    "stability-flags": {
        "silex/silex": 20,
        "fp/lightopenid": 20,
        "knplabs/repository-service-provider": 20
    }
}
