silex b4fd8856b51d25093a931c617ce8ba38082dde62
Symfony/Component/Form 5098f125e6fae0efe9093881ca19c980da489e4b
Symfony/Bridge/Twig 725ea58f51f655a9c349b50fad1738c2302d77a6
Symfony/Component/Translation 412b07bc2c3c4a7b879eca69dfa085600452a79b
doctrine-dbal f14cab2a7517d36714d97ae69641c7f709fc4eb8
doctrine-common f5314bd482b87a0badc08add0dcd9cd6af32262f
Symfony/Component/Validator 20f6fdf756014653d3a769c686813b39fa114b18
lightopenid 97e71eb5f5bb98a14cc3d02452713bd08dce66df
SilexDiscountExtension b726a363153a5b882ddba2ab7035cc979b7c420c