silex 669238519884b725c9d2d47c0704225a689ca33d
Symfony/Component/Form 3c005a2761d7c89baf5d2b86736b2dc0c390a40c
Symfony/Bridge/Twig 7e8b26d820467190daaea6269bcec8fb28518f3d
Symfony/Component/Translation a9a33da78536d97328e93d254f36eafc64725bbf
doctrine-dbal e692ab6652a3cdfd105d8040f7bff1983e1cef19
doctrine-common 87097540d0743e95ad04cb8ba0f1bac18f823f9f
Symfony/Component/Validator f8f9213e74eb55e57de01d29553adfb00ebe7760
lightopenid 97e71eb5f5bb98a14cc3d02452713bd08dce66df
SilexDiscountServiceProvider 4d4202dc89e885af71238eac2e2ff10d2e69fb46