silex ff54c09c54850882ff6bdcf217ee7e4e40a5665c
Symfony/Component/Form bc7c37fb2376b73a421da80b1497d14f0e52c7e4
Symfony/Bridge/Twig 900fc1831ff7715108a5cae9578ea54fc26d5631
Symfony/Component/Translation 66eb0a69bfd66d6fdd07fc08394a160a01449ff5
doctrine-dbal 7101ecd7428e38a0c2edd1a5f23ab3c37ea48423
doctrine-common b44ea1dc14e9bbb1a39b37a39875f7a8d4351b82
Symfony/Component/Validator 04450071ebe72a38d6dc9a5e4ec6ac68943838ef
lightopenid 97e71eb5f5bb98a14cc3d02452713bd08dce66df
SilexDiscountServiceProvider 4d4202dc89e885af71238eac2e2ff10d2e69fb46
gherkin ebf711c78542c83a98c65d1ab0ce8002afd616e5
behat fea09171038cd1ce034871427e0de3ed331b5119
mink d0c2d91e462562f526721508c4f91ed0c47115ca
goutte 95c0f08b22ab19271398a39cf578807b77964dc6
sahiclient fe8a66ef3162fa783fc0ad8d49d5f3b59a4682da
zend 5e13bbc8c976571add550a09275de5dba54f3ca6